
Microsoft Visual Studio Solution File, Format Version 12.00
# Visual Studio Version 17
VisualStudioVersion = 17.0.31903.59
MinimumVisualStudioVersion = 10.0.40219.1
Project("{2150E333-8FDC-42A3-9474-1A3956D46DE8}") = "src", "src", "{D73BE53F-9F2B-497C-97A0-2E56B096CA8E}"
EndProject
Project("{FAE04EC0-301F-11D3-BF4B-00C04F79EFBC}") = "CleanArchAPI.Application", "src\CleanArchAPI.Application\CleanArchAPI.Application.csproj", "{11B867FB-3469-4F35-AAB4-FD94499F698A}"
EndProject
Project("{FAE04EC0-301F-11D3-BF4B-00C04F79EFBC}") = "CleanArchAPI.Infrastructure", "src\CleanArchAPI.Infrastructure\CleanArchAPI.Infrastructure.csproj", "{AC0483BE-55D6-41F0-B39A-4AA9549DCDD7}"
EndProject
Project("{FAE04EC0-301F-11D3-BF4B-00C04F79EFBC}") = "CleanArchAPI.Domain", "src\CleanArchAPI.Domain\CleanArchAPI.Domain.csproj", "{15FA3BD5-6C6A-4E31-AB50-16DAA079FEC3}"
EndProject
Project("{FAE04EC0-301F-11D3-BF4B-00C04F79EFBC}") = "CleanArchAPI.Web", "src\CleanArchAPI.Web\CleanArchAPI.Web.csproj", "{8ED51BB5-F798-41D4-ACF2-9B77EB4BB0ED}"
EndProject
Global
	GlobalSection(SolutionConfigurationPlatforms) = preSolution
		Debug|Any CPU = Debug|Any CPU
		Release|Any CPU = Release|Any CPU
	EndGlobalSection
	GlobalSection(SolutionProperties) = preSolution
		HideSolutionNode = FALSE
	EndGlobalSection
	GlobalSection(ProjectConfigurationPlatforms) = postSolution
		{11B867FB-3469-4F35-AAB4-FD94499F698A}.Debug|Any CPU.ActiveCfg = Debug|Any CPU
		{11B867FB-3469-4F35-AAB4-FD94499F698A}.Debug|Any CPU.Build.0 = Debug|Any CPU
		{11B867FB-3469-4F35-AAB4-FD94499F698A}.Release|Any CPU.ActiveCfg = Release|Any CPU
		{11B867FB-3469-4F35-AAB4-FD94499F698A}.Release|Any CPU.Build.0 = Release|Any CPU
		{AC0483BE-55D6-41F0-B39A-4AA9549DCDD7}.Debug|Any CPU.ActiveCfg = Debug|Any CPU
		{AC0483BE-55D6-41F0-B39A-4AA9549DCDD7}.Debug|Any CPU.Build.0 = Debug|Any CPU
		{AC0483BE-55D6-41F0-B39A-4AA9549DCDD7}.Release|Any CPU.ActiveCfg = Release|Any CPU
		{AC0483BE-55D6-41F0-B39A-4AA9549DCDD7}.Release|Any CPU.Build.0 = Release|Any CPU
		{15FA3BD5-6C6A-4E31-AB50-16DAA079FEC3}.Debug|Any CPU.ActiveCfg = Debug|Any CPU
		{15FA3BD5-6C6A-4E31-AB50-16DAA079FEC3}.Debug|Any CPU.Build.0 = Debug|Any CPU
		{15FA3BD5-6C6A-4E31-AB50-16DAA079FEC3}.Release|Any CPU.ActiveCfg = Release|Any CPU
		{15FA3BD5-6C6A-4E31-AB50-16DAA079FEC3}.Release|Any CPU.Build.0 = Release|Any CPU
		{8ED51BB5-F798-41D4-ACF2-9B77EB4BB0ED}.Debug|Any CPU.ActiveCfg = Debug|Any CPU
		{8ED51BB5-F798-41D4-ACF2-9B77EB4BB0ED}.Debug|Any CPU.Build.0 = Debug|Any CPU
		{8ED51BB5-F798-41D4-ACF2-9B77EB4BB0ED}.Release|Any CPU.ActiveCfg = Release|Any CPU
		{8ED51BB5-F798-41D4-ACF2-9B77EB4BB0ED}.Release|Any CPU.Build.0 = Release|Any CPU
	EndGlobalSection
	GlobalSection(NestedProjects) = preSolution
		{11B867FB-3469-4F35-AAB4-FD94499F698A} = {D73BE53F-9F2B-497C-97A0-2E56B096CA8E}
		{AC0483BE-55D6-41F0-B39A-4AA9549DCDD7} = {D73BE53F-9F2B-497C-97A0-2E56B096CA8E}
		{15FA3BD5-6C6A-4E31-AB50-16DAA079FEC3} = {D73BE53F-9F2B-497C-97A0-2E56B096CA8E}
		{8ED51BB5-F798-41D4-ACF2-9B77EB4BB0ED} = {D73BE53F-9F2B-497C-97A0-2E56B096CA8E}
	EndGlobalSection
EndGlobal
